// !$*UTF8*$!
{
	archiveVersion = 1;
	classes = {
	};
	objectVersion = 46;
	objects = {

/* Begin PBXBuildFile section */
		10B21EFB1E67ACE20001ABE6 /* CategoryTableViewController.swift in Sources */ = {isa = PBXBuildFile; fileRef = 10B21EFA1E67ACE20001ABE6 /* CategoryTableViewController.swift */; };
		10B21EFD1E686C630001ABE6 /* InventoryTableViewController.swift in Sources */ = {isa = PBXBuildFile; fileRef = 10B21EFC1E686C630001ABE6 /* InventoryTableViewController.swift */; };
		10B21EFF1E6870410001ABE6 /* InventoryItemTableViewCell.swift in Sources */ = {isa = PBXBuildFile; fileRef = 10B21EFE1E6870410001ABE6 /* InventoryItemTableViewCell.swift */; };
		10D9626F1E65EC690050497F /* AppDelegate.swift in Sources */ = {isa = PBXBuildFile; fileRef = 10D9626E1E65EC690050497F /* AppDelegate.swift */; };
		10D962711E65EC690050497F /* ViewController.swift in Sources */ = {isa = PBXBuildFile; fileRef = 10D962701E65EC690050497F /* ViewController.swift */; };
		10D962741E65EC690050497F /* Main.storyboard in Resources */ = {isa = PBXBuildFile; fileRef = 10D962721E65EC690050497F /* Main.storyboard */; };
		10D962761E65EC690050497F /* Assets.xcassets in Resources */ = {isa = PBXBuildFile; fileRef = 10D962751E65EC690050497F /* Assets.xcassets */; };
		10D962791E65EC690050497F /* LaunchScreen.storyboard in Resources */ = {isa = PBXBuildFile; fileRef = 10D962771E65EC690050497F /* LaunchScreen.storyboard */; };
		10D962841E65EC690050497F /* InventoryDemoTests.swift in Sources */ = {isa = PBXBuildFile; fileRef = 10D962831E65EC690050497F /* InventoryDemoTests.swift */; };
		10D9628F1E65ED4F0050497F /* InventoryModel.swift in Sources */ = {isa = PBXBuildFile; fileRef = 10D9628E1E65ED4F0050497F /* InventoryModel.swift */; };
		10D962991E661D100050497F /* AddCategoryViewController.swift in Sources */ = {isa = PBXBuildFile; fileRef = 10D962981E661D100050497F /* AddCategoryViewController.swift */; };
		10D9629D1E66239A0050497F /* HomeTableViewController.swift in Sources */ = {isa = PBXBuildFile; fileRef = 10D9629C1E66239A0050497F /* HomeTableViewController.swift */; };
		10D9629F1E66245E0050497F /* InventoryController.swift in Sources */ = {isa = PBXBuildFile; fileRef = 10D9629E1E66245E0050497F /* InventoryController.swift */; };
/* End PBXBuildFile section */

/* Begin PBXContainerItemProxy section */
		10D962801E65EC690050497F /* PBXContainerItemProxy */ = {
			isa = PBXContainerItemProxy;
			containerPortal = 10D962631E65EC690050497F /* Project object */;
			proxyType = 1;
			remoteGlobalIDString = 10D9626A1E65EC690050497F;
			remoteInfo = InventoryDemo;
		};
/* End PBXContainerItemProxy section */

/* Begin PBXFileReference section */
		10B21EFA1E67ACE20001ABE6 /* CategoryTableViewController.swift */ = {isa = PBXFileReference; fileEncoding = 4; lastKnownFileType = sourcecode.swift; path = CategoryTableViewController.swift; sourceTree = "<group>"; };
		10B21EFC1E686C630001ABE6 /* InventoryTableViewController.swift */ = {isa = PBXFileReference; fileEncoding = 4; lastKnownFileType = sourcecode.swift; path = InventoryTableViewController.swift; sourceTree = "<group>"; };
		10B21EFE1E6870410001ABE6 /* InventoryItemTableViewCell.swift */ = {isa = PBXFileReference; fileEncoding = 4; lastKnownFileType = sourcecode.swift; path = InventoryItemTableViewCell.swift; sourceTree = "<group>"; };
		10D9626B1E65EC690050497F /* InventoryDemo.app */ = {isa = PBXFileReference; explicitFileType = wrapper.application; includeInIndex = 0; path = InventoryDemo.app; sourceTree = BUILT_PRODUCTS_DIR; };
		10D9626E1E65EC690050497F /* AppDelegate.swift */ = {isa = PBXFileReference; lastKnownFileType = sourcecode.swift; path = AppDelegate.swift; sourceTree = "<group>"; };
		10D962701E65EC690050497F /* ViewController.swift */ = {isa = PBXFileReference; lastKnownFileType = sourcecode.swift; path = ViewController.swift; sourceTree = "<group>"; };
		10D962731E65EC690050497F /* Base */ = {isa = PBXFileReference; lastKnownFileType = file.storyboard; name = Base; path = Base.lproj/Main.storyboard; sourceTree = "<group>"; };
		10D962751E65EC690050497F /* Assets.xcassets */ = {isa = PBXFileReference; lastKnownFileType = folder.assetcatalog; path = Assets.xcassets; sourceTree = "<group>"; };
		10D962781E65EC690050497F /* Base */ = {isa = PBXFileReference; lastKnownFileType = file.storyboard; name = Base; path = Base.lproj/LaunchScreen.storyboard; sourceTree = "<group>"; };
		10D9627A1E65EC690050497F /* Info.plist */ = {isa = PBXFileReference; lastKnownFileType = text.plist.xml; path = Info.plist; sourceTree = "<group>"; };
		10D9627F1E65EC690050497F /* InventoryDemoTests.xctest */ = {isa = PBXFileReference; explicitFileType = wrapper.cfbundle; includeInIndex = 0; path = InventoryDemoTests.xctest; sourceTree = BUILT_PRODUCTS_DIR; };
		10D962831E65EC690050497F /* InventoryDemoTests.swift */ = {isa = PBXFileReference; lastKnownFileType = sourcecode.swift; path = InventoryDemoTests.swift; sourceTree = "<group>"; };
		10D962851E65EC690050497F /* Info.plist */ = {isa = PBXFileReference; lastKnownFileType = text.plist.xml; path = Info.plist; sourceTree = "<group>"; };
		10D9628E1E65ED4F0050497F /* InventoryModel.swift */ = {isa = PBXFileReference; fileEncoding = 4; lastKnownFileType = sourcecode.swift; path = InventoryModel.swift; sourceTree = "<group>"; };
		10D962981E661D100050497F /* AddCategoryViewController.swift */ = {isa = PBXFileReference; fileEncoding = 4; lastKnownFileType = sourcecode.swift; path = AddCategoryViewController.swift; sourceTree = "<group>"; };
		10D9629C1E66239A0050497F /* HomeTableViewController.swift */ = {isa = PBXFileReference; fileEncoding = 4; lastKnownFileType = sourcecode.swift; path = HomeTableViewController.swift; sourceTree = "<group>"; };
		10D9629E1E66245E0050497F /* InventoryController.swift */ = {isa = PBXFileReference; fileEncoding = 4; lastKnownFileType = sourcecode.swift; name = InventoryController.swift; path = ../InventoryController.swift; sourceTree = "<group>"; };
/* End PBXFileReference section */

/* Begin PBXFrameworksBuildPhase section */
		10D962681E65EC690050497F /* Frameworks */ = {
			isa = PBXFrameworksBuildPhase;
			buildActionMask = 2147483647;
			files = (
			);
			runOnlyForDeploymentPostprocessing = 0;
		};
		10D9627C1E65EC690050497F /* Frameworks */ = {
			isa = PBXFrameworksBuildPhase;
			buildActionMask = 2147483647;
			files = (
			);
			runOnlyForDeploymentPostprocessing = 0;
		};
/* End PBXFrameworksBuildPhase section */

/* Begin PBXGroup section */
		10D962621E65EC690050497F = {
			isa = PBXGroup;
			children = (
				10D9626D1E65EC690050497F /* InventoryDemo */,
				10D962821E65EC690050497F /* InventoryDemoTests */,
				10D9626C1E65EC690050497F /* Products */,
			);
			sourceTree = "<group>";
		};
		10D9626C1E65EC690050497F /* Products */ = {
			isa = PBXGroup;
			children = (
				10D9626B1E65EC690050497F /* InventoryDemo.app */,
				10D9627F1E65EC690050497F /* InventoryDemoTests.xctest */,
			);
			name = Products;
			sourceTree = "<group>";
		};
		10D9626D1E65EC690050497F /* InventoryDemo */ = {
			isa = PBXGroup;
			children = (
				10B21EFE1E6870410001ABE6 /* InventoryItemTableViewCell.swift */,
				10B21EFC1E686C630001ABE6 /* InventoryTableViewController.swift */,
				10B21EFA1E67ACE20001ABE6 /* CategoryTableViewController.swift */,
				10D9629E1E66245E0050497F /* InventoryController.swift */,
				10D9629C1E66239A0050497F /* HomeTableViewController.swift */,
				10D962981E661D100050497F /* AddCategoryViewController.swift */,
				10D9626E1E65EC690050497F /* AppDelegate.swift */,
				10D962701E65EC690050497F /* ViewController.swift */,
				10D962721E65EC690050497F /* Main.storyboard */,
				10D9628E1E65ED4F0050497F /* InventoryModel.swift */,
				10D962751E65EC690050497F /* Assets.xcassets */,
				10D962771E65EC690050497F /* LaunchScreen.storyboard */,
				10D9627A1E65EC690050497F /* Info.plist */,
			);
			path = InventoryDemo;
			sourceTree = "<group>";
		};
		10D962821E65EC690050497F /* InventoryDemoTests */ = {
			isa = PBXGroup;
			children = (
				10D962831E65EC690050497F /* InventoryDemoTests.swift */,
				10D962851E65EC690050497F /* Info.plist */,
			);
			path = InventoryDemoTests;
			sourceTree = "<group>";
		};
/* End PBXGroup section */

/* Begin PBXNativeTarget section */
		10D9626A1E65EC690050497F /* InventoryDemo */ = {
			isa = PBXNativeTarget;
			buildConfigurationList = 10D962881E65EC690050497F /* Build configuration list for PBXNativeTarget "InventoryDemo" */;
			buildPhases = (
				10D962671E65EC690050497F /* Sources */,
				10D962681E65EC690050497F /* Frameworks */,
				10D962691E65EC690050497F /* Resources */,
			);
			buildRules = (
			);
			dependencies = (
			);
			name = InventoryDemo;
			productName = InventoryDemo;
			productReference = 10D9626B1E65EC690050497F /* InventoryDemo.app */;
			productType = "com.apple.product-type.application";
		};
		10D9627E1E65EC690050497F /* InventoryDemoTests */ = {
			isa = PBXNativeTarget;
			buildConfigurationList = 10D9628B1E65EC690050497F /* Build configuration list for PBXNativeTarget "InventoryDemoTests" */;
			buildPhases = (
				10D9627B1E65EC690050497F /* Sources */,
				10D9627C1E65EC690050497F /* Frameworks */,
				10D9627D1E65EC690050497F /* Resources */,
			);
			buildRules = (
			);
			dependencies = (
				10D962811E65EC690050497F /* PBXTargetDependency */,
			);
			name = InventoryDemoTests;
			productName = InventoryDemoTests;
			productReference = 10D9627F1E65EC690050497F /* InventoryDemoTests.xctest */;
			productType = "com.apple.product-type.bundle.unit-test";
		};
/* End PBXNativeTarget section */

/* Begin PBXProject section */
		10D962631E65EC690050497F /* Project object */ = {
			isa = PBXProject;
			attributes = {
				LastSwiftUpdateCheck = 0820;
				LastUpgradeCheck = 0820;
				ORGANIZATIONNAME = "Jacob Froman";
				TargetAttributes = {
					10D9626A1E65EC690050497F = {
						CreatedOnToolsVersion = 8.2.1;
						DevelopmentTeam = 6H47CZ3N93;
						ProvisioningStyle = Automatic;
					};
					10D9627E1E65EC690050497F = {
						CreatedOnToolsVersion = 8.2.1;
						DevelopmentTeam = 6H47CZ3N93;
						ProvisioningStyle = Automatic;
						TestTargetID = 10D9626A1E65EC690050497F;
					};
				};
			};
			buildConfigurationList = 10D962661E65EC690050497F /* Build configuration list for PBXProject "InventoryDemo" */;
			compatibilityVersion = "Xcode 3.2";
			developmentRegion = English;
			hasScannedForEncodings = 0;
			knownRegions = (
				en,
				Base,
			);
			mainGroup = 10D962621E65EC690050497F;
			productRefGroup = 10D9626C1E65EC690050497F /* Products */;
			projectDirPath = "";
			projectRoot = "";
			targets = (
				10D9626A1E65EC690050497F /* InventoryDemo */,
				10D9627E1E65EC690050497F /* InventoryDemoTests */,
			);
		};
/* End PBXProject section */

/* Begin PBXResourcesBuildPhase section */
		10D962691E65EC690050497F /* Resources */ = {
			isa = PBXResourcesBuildPhase;
			buildActionMask = 2147483647;
			files = (
				10D962791E65EC690050497F /* LaunchScreen.storyboard in Resources */,
				10D962761E65EC690050497F /* Assets.xcassets in Resources */,
				10D962741E65EC690050497F /* Main.storyboard in Resources */,
			);
			runOnlyForDeploymentPostprocessing = 0;
		};
		10D9627D1E65EC690050497F /* Resources */ = {
			isa = PBXResourcesBuildPhase;
			buildActionMask = 2147483647;
			files = (
			);
			runOnlyForDeploymentPostprocessing = 0;
		};
/* End PBXResourcesBuildPhase section */

/* Begin PBXSourcesBuildPhase section */
		10D962671E65EC690050497F /* Sources */ = {
			isa = PBXSourcesBuildPhase;
			buildActionMask = 2147483647;
			files = (
				10B21EFB1E67ACE20001ABE6 /* CategoryTableViewController.swift in Sources */,
				10D9629D1E66239A0050497F /* HomeTableViewController.swift in Sources */,
				10B21EFD1E686C630001ABE6 /* InventoryTableViewController.swift in Sources */,
				10D9629F1E66245E0050497F /* InventoryController.swift in Sources */,
				10D962991E661D100050497F /* AddCategoryViewController.swift in Sources */,
				10D962711E65EC690050497F /* ViewController.swift in Sources */,
				10D9626F1E65EC690050497F /* AppDelegate.swift in Sources */,
				10D9628F1E65ED4F0050497F /* InventoryModel.swift in Sources */,
				10B21EFF1E6870410001ABE6 /* InventoryItemTableViewCell.swift in Sources */,
			);
			runOnlyForDeploymentPostprocessing = 0;
		};
		10D9627B1E65EC690050497F /* Sources */ = {
			isa = PBXSourcesBuildPhase;
			buildActionMask = 2147483647;
			files = (
				10D962841E65EC690050497F /* InventoryDemoTests.swift in Sources */,
			);
			runOnlyForDeploymentPostprocessing = 0;
		};
/* End PBXSourcesBuildPhase section */

/* Begin PBXTargetDependency section */
		10D962811E65EC690050497F /* PBXTargetDependency */ = {
			isa = PBXTargetDependency;
			target = 10D9626A1E65EC690050497F /* InventoryDemo */;
			targetProxy = 10D962801E65EC690050497F /* PBXContainerItemProxy */;
		};
/* End PBXTargetDependency section */

/* Begin PBXVariantGroup section */
		10D962721E65EC690050497F /* Main.storyboard */ = {
			isa = PBXVariantGroup;
			children = (
				10D962731E65EC690050497F /* Base */,
			);
			name = Main.storyboard;
			sourceTree = "<group>";
		};
		10D962771E65EC690050497F /* LaunchScreen.storyboard */ = {
			isa = PBXVariantGroup;
			children = (
				10D962781E65EC690050497F /* Base */,
			);
			name = LaunchScreen.storyboard;
			sourceTree = "<group>";
		};
/* End PBXVariantGroup section */

/* Begin XCBuildConfiguration section */
		10D962861E65EC690050497F /* Debug */ = {
			isa = XCBuildConfiguration;
			buildSettings = {
				ALWAYS_SEARCH_USER_PATHS = NO;
				CLANG_ANALYZER_NONNULL = YES;
				CLANG_CXX_LANGUAGE_STANDARD = "gnu++0x";
				CLANG_CXX_LIBRARY = "libc++";
				CLANG_ENABLE_MODULES = YES;
				CLANG_ENABLE_OBJC_ARC = YES;
				CLANG_WARN_BOOL_CONVERSION = YES;
				CLANG_WARN_CONSTANT_CONVERSION = YES;
				CLANG_WARN_DIRECT_OBJC_ISA_USAGE = YES_ERROR;
				CLANG_WARN_DOCUMENTATION_COMMENTS = YES;
				CLANG_WARN_EMPTY_BODY = YES;
				CLANG_WARN_ENUM_CONVERSION = YES;
				CLANG_WARN_INFINITE_RECURSION = YES;
				CLANG_WARN_INT_CONVERSION = YES;
				CLANG_WARN_OBJC_ROOT_CLASS = YES_ERROR;
				CLANG_WARN_SUSPICIOUS_MOVE = YES;
				CLANG_WARN_UNREACHABLE_CODE = YES;
				CLANG_WARN__DUPLICATE_METHOD_MATCH = YES;
				"CODE_SIGN_IDENTITY[sdk=iphoneos*]" = "iPhone Developer";
				COPY_PHASE_STRIP = NO;
				DEBUG_INFORMATION_FORMAT = dwarf;
				ENABLE_STRICT_OBJC_MSGSEND = YES;
				ENABLE_TESTABILITY = YES;
				GCC_C_LANGUAGE_STANDARD = gnu99;
				GCC_DYNAMIC_NO_PIC = NO;
				GCC_NO_COMMON_BLOCKS = YES;
				GCC_OPTIMIZATION_LEVEL = 0;
				GCC_PREPROCESSOR_DEFINITIONS = (
					"DEBUG=1",
					"$(inherited)",
				);
				GCC_WARN_64_TO_32_BIT_CONVERSION = YES;
				GCC_WARN_ABOUT_RETURN_TYPE = YES_ERROR;
				GCC_WARN_UNDECLARED_SELECTOR = YES;
				GCC_WARN_UNINITIALIZED_AUTOS = YES_AGGRESSIVE;
				GCC_WARN_UNUSED_FUNCTION = YES;
				GCC_WARN_UNUSED_VARIABLE = YES;
				IPHONEOS_DEPLOYMENT_TARGET = 10.2;
				MTL_ENABLE_DEBUG_INFO = YES;
				ONLY_ACTIVE_ARCH = YES;
				SDKROOT = iphoneos;
				SWIFT_ACTIVE_COMPILATION_CONDITIONS = DEBUG;
				SWIFT_OPTIMIZATION_LEVEL = "-Onone";
				TARGETED_DEVICE_FAMILY = "1,2";
			};
			name = Debug;
		};
		10D962871E65EC690050497F /* Release */ = {
			isa = XCBuildConfiguration;
			buildSettings = {
				ALWAYS_SEARCH_USER_PATHS = NO;
				CLANG_ANALYZER_NONNULL = YES;
				CLANG_CXX_LANGUAGE_STANDARD = "gnu++0x";
				CLANG_CXX_LIBRARY = "libc++";
				CLANG_ENABLE_MODULES = YES;
				CLANG_ENABLE_OBJC_ARC = YES;
				CLANG_WARN_BOOL_CONVERSION = YES;
				CLANG_WARN_CONSTANT_CONVERSION = YES;
				CLANG_WARN_DIRECT_OBJC_ISA_USAGE = YES_ERROR;
				CLANG_WARN_DOCUMENTATION_COMMENTS = YES;
				CLANG_WARN_EMPTY_BODY = YES;
				CLANG_WARN_ENUM_CONVERSION = YES;
				CLANG_WARN_INFINITE_RECURSION = YES;
				CLANG_WARN_INT_CONVERSION = YES;
				CLANG_WARN_OBJC_ROOT_CLASS = YES_ERROR;
				CLANG_WARN_SUSPICIOUS_MOVE = YES;
				CLANG_WARN_UNREACHABLE_CODE = YES;
				CLANG_WARN__DUPLICATE_METHOD_MATCH = YES;
				"CODE_SIGN_IDENTITY[sdk=iphoneos*]" = "iPhone Developer";
				COPY_PHASE_STRIP = NO;
				DEBUG_INFORMATION_FORMAT = "dwarf-with-dsym";
				ENABLE_NS_ASSERTIONS = NO;
				ENABLE_STRICT_OBJC_MSGSEND = YES;
				GCC_C_LANGUAGE_STANDARD = gnu99;
				GCC_NO_COMMON_BLOCKS = YES;
				GCC_WARN_64_TO_32_BIT_CONVERSION = YES;
				GCC_WARN_ABOUT_RETURN_TYPE = YES_ERROR;
				GCC_WARN_UNDECLARED_SELECTOR = YES;
				GCC_WARN_UNINITIALIZED_AUTOS = YES_AGGRESSIVE;
				GCC_WARN_UNUSED_FUNCTION = YES;
				GCC_WARN_UNUSED_VARIABLE = YES;
				IPHONEOS_DEPLOYMENT_TARGET = 10.2;
				MTL_ENABLE_DEBUG_INFO = NO;
				SDKROOT = iphoneos;
				SWIFT_OPTIMIZATION_LEVEL = "-Owholemodule";
				TARGETED_DEVICE_FAMILY = "1,2";
				VALIDATE_PRODUCT = YES;
			};
			name = Release;
		};
		10D962891E65EC690050497F /* Debug */ = {
			isa = XCBuildConfiguration;
			buildSettings = {
				ASSETCATALOG_COMPILER_APPICON_NAME = AppIcon;
				DEVELOPMENT_TEAM = 6H47CZ3N93;
				INFOPLIST_FILE = InventoryDemo/Info.plist;
				LD_RUNPATH_SEARCH_PATHS = "$(inherited) @executable_path/Frameworks";
				PRODUCT_BUNDLE_IDENTIFIER = jacob.froman.InventoryDemo;
				PRODUCT_NAME = "$(TARGET_NAME)";
				SWIFT_VERSION = 3.0;
			};
			name = Debug;
		};
		10D9628A1E65EC690050497F /* Release */ = {
			isa = XCBuildConfiguration;
			buildSettings = {
				ASSETCATALOG_COMPILER_APPICON_NAME = AppIcon;
				DEVELOPMENT_TEAM = 6H47CZ3N93;
				INFOPLIST_FILE = InventoryDemo/Info.plist;
				LD_RUNPATH_SEARCH_PATHS = "$(inherited) @executable_path/Frameworks";
				PRODUCT_BUNDLE_IDENTIFIER = jacob.froman.InventoryDemo;
				PRODUCT_NAME = "$(TARGET_NAME)";
				SWIFT_VERSION = 3.0;
			};
			name = Release;
		};
		10D9628C1E65EC690050497F /* Debug */ = {
			isa = XCBuildConfiguration;
			buildSettings = {
				ALWAYS_EMBED_SWIFT_STANDARD_LIBRARIES = YES;
				BUNDLE_LOADER = "$(TEST_HOST)";
				DEVELOPMENT_TEAM = 6H47CZ3N93;
				INFOPLIST_FILE = InventoryDemoTests/Info.plist;
				LD_RUNPATH_SEARCH_PATHS = "$(inherited) @executable_path/Frameworks @loader_path/Frameworks";
				PRODUCT_BUNDLE_IDENTIFIER = jacob.froman.InventoryDemoTests;
				PRODUCT_NAME = "$(TARGET_NAME)";
				SWIFT_VERSION = 3.0;
				TEST_HOST = "$(BUILT_PRODUCTS_DIR)/InventoryDemo.app/InventoryDemo";
			};
			name = Debug;
		};
		10D9628D1E65EC690050497F /* Release */ = {
			isa = XCBuildConfiguration;
			buildSettings = {
				ALWAYS_EMBED_SWIFT_STANDARD_LIBRARIES = YES;
				BUNDLE_LOADER = "$(TEST_HOST)";
				DEVELOPMENT_TEAM = 6H47CZ3N93;
				INFOPLIST_FILE = InventoryDemoTests/Info.plist;
				LD_RUNPATH_SEARCH_PATHS = "$(inherited) @executable_path/Frameworks @loader_path/Frameworks";
				PRODUCT_BUNDLE_IDENTIFIER = jacob.froman.InventoryDemoTests;
				PRODUCT_NAME = "$(TARGET_NAME)";
				SWIFT_VERSION = 3.0;
				TEST_HOST = "$(BUILT_PRODUCTS_DIR)/InventoryDemo.app/InventoryDemo";
			};
			name = Release;
		};
/* End XCBuildConfiguration section */

/* Begin XCConfigurationList section */
		10D962661E65EC690050497F /* Build configuration list for PBXProject "InventoryDemo" */ = {
			isa = XCConfigurationList;
			buildConfigurations = (
				10D962861E65EC690050497F /* Debug */,
				10D962871E65EC690050497F /* Release */,
			);
			defaultConfigurationIsVisible = 0;
			defaultConfigurationName = Release;
		};
		10D962881E65EC690050497F /* Build configuration list for PBXNativeTarget "InventoryDemo" */ = {
			isa = XCConfigurationList;
			buildConfigurations = (
				10D962891E65EC690050497F /* Debug */,
				10D9628A1E65EC690050497F /* Release */,
			);
			defaultConfigurationIsVisible = 0;
			defaultConfigurationName = Release;
		};
		10D9628B1E65EC690050497F /* Build configuration list for PBXNativeTarget "InventoryDemoTests" */ = {
			isa = XCConfigurationList;
			buildConfigurations = (
				10D9628C1E65EC690050497F /* Debug */,
				10D9628D1E65EC690050497F /* Release */,
			);
			defaultConfigurationIsVisible = 0;
			defaultConfigurationName = Release;
		};
/* End XCConfigurationList section */
	};
	rootObject = 10D962631E65EC690050497F /* Project object */;
}
